
Microsoft Visual Studio Solution File, Format Version 12.00
# Visual Studio Version 16
VisualStudioVersion = 16.0.33214.272
MinimumVisualStudioVersion = 10.0.40219.1
Project("{FAE04EC0-301F-11D3-BF4B-00C04F79EFBC}") = "TicTacToe", "TicTacToe\TicTacToe.csproj", "{4DD81558-9FB0-47B4-8DCA-41B92E615AA0}"
EndProject
Global
	GlobalSection(SolutionConfigurationPlatforms) = preSolution
		Debug|Any CPU = Debug|Any CPU
		Release|Any CPU = Release|Any CPU
	EndGlobalSection
	GlobalSection(ProjectConfigurationPlatforms) = postSolution
		{4DD81558-9FB0-47B4-8DCA-41B92E615AA0}.Debug|Any CPU.ActiveCfg = Debug|Any CPU
		{4DD81558-9FB0-47B4-8DCA-41B92E615AA0}.Debug|Any CPU.Build.0 = Debug|Any CPU
		{4DD81558-9FB0-47B4-8DCA-41B92E615AA0}.Release|Any CPU.ActiveCfg = Release|Any CPU
		{4DD81558-9FB0-47B4-8DCA-41B92E615AA0}.Release|Any CPU.Build.0 = Release|Any CPU
	EndGlobalSection
	GlobalSection(SolutionProperties) = preSolution
		HideSolutionNode = FALSE
	EndGlobalSection
	GlobalSection(ExtensibilityGlobals) = postSolution
		SolutionGuid = {6BACB099-9804-47A2-A35D-5742C8E0BF01}
	EndGlobalSection
EndGlobal
